
Microsoft Visual Studio Solution File, Format Version 12.00
# Visual Studio 15
VisualStudioVersion = 15.0.28307.168
MinimumVisualStudioVersion = 10.0.40219.1
Project("{FAE04EC0-301F-11D3-BF4B-00C04F79EFBC}") = "Assignament5", "Assignament5\Assignament5.csproj", "{3494A080-9DFD-4641-B19E-004E53AF17BB}"
EndProject
Global
	GlobalSection(SolutionConfigurationPlatforms) = preSolution
		Debug|Any CPU = Debug|Any CPU
		Release|Any CPU = Release|Any CPU
	EndGlobalSection
	GlobalSection(ProjectConfigurationPlatforms) = postSolution
		{3494A080-9DFD-4641-B19E-004E53AF17BB}.Debug|Any CPU.ActiveCfg = Debug|Any CPU
		{3494A080-9DFD-4641-B19E-004E53AF17BB}.Debug|Any CPU.Build.0 = Debug|Any CPU
		{3494A080-9DFD-4641-B19E-004E53AF17BB}.Release|Any CPU.ActiveCfg = Release|Any CPU
		{3494A080-9DFD-4641-B19E-004E53AF17BB}.Release|Any CPU.Build.0 = Release|Any CPU
	EndGlobalSection
	GlobalSection(SolutionProperties) = preSolution
		HideSolutionNode = FALSE
	EndGlobalSection
	GlobalSection(ExtensibilityGlobals) = postSolution
		SolutionGuid = {D577678B-6C8C-4114-97E9-EE52B1D986CD}
	EndGlobalSection
EndGlobal
